
Microsoft Visual Studio Solution File, Format Version 12.00
# Visual Studio Version 17
VisualStudioVersion = 17.6.33723.286
MinimumVisualStudioVersion = 10.0.40219.1
Project("{9A19103F-16F7-4668-BE54-9A1E7A4F7556}") = "CustomGameMode-CombatMaster", "CustomGameMode-CombatMaster.csproj", "{7ADCC800-D7CA-4591-BE7A-74631E76E2DC}"
EndProject
Global
	GlobalSection(SolutionConfigurationPlatforms) = preSolution
		Debug|Any CPU = Debug|Any CPU
		Release|Any CPU = Release|Any CPU
	EndGlobalSection
	GlobalSection(ProjectConfigurationPlatforms) = postSolution
		{7ADCC800-D7CA-4591-BE7A-74631E76E2DC}.Debug|Any CPU.ActiveCfg = Debug|Any CPU
		{7ADCC800-D7CA-4591-BE7A-74631E76E2DC}.Debug|Any CPU.Build.0 = Debug|Any CPU
		{7ADCC800-D7CA-4591-BE7A-74631E76E2DC}.Release|Any CPU.ActiveCfg = Release|Any CPU
		{7ADCC800-D7CA-4591-BE7A-74631E76E2DC}.Release|Any CPU.Build.0 = Release|Any CPU
	EndGlobalSection
	GlobalSection(SolutionProperties) = preSolution
		HideSolutionNode = FALSE
	EndGlobalSection
	GlobalSection(ExtensibilityGlobals) = postSolution
		SolutionGuid = {5CE9F88F-646D-4272-A147-996D0EDD088C}
	EndGlobalSection
EndGlobal
